
Microsoft Visual Studio Solution File, Format Version 12.00
# Visual Studio Version 16
VisualStudioVersion = 16.0.29926.136
MinimumVisualStudioVersion = 10.0.40219.1
Project("{FAE04EC0-301F-11D3-BF4B-00C04F79EFBC}") = "EventsHub.Mobile.UWP", "src\mobile\EventsHub.Mobile.UWP\EventsHub.Mobile.UWP.csproj", "{66B1B272-12F0-44EC-A2C2-93ED3985062D}"
EndProject
Project("{FAE04EC0-301F-11D3-BF4B-00C04F79EFBC}") = "EventsHub.Mobile.Android", "src\mobile\EventsHub.Mobile.Android\EventsHub.Mobile.Android.csproj", "{4A4B3E48-DBED-46A3-8AB9-34D5C1B75328}"
EndProject
Project("{9A19103F-16F7-4668-BE54-9A1E7A4F7556}") = "EventsHub.WebAPI", "src\backend\EventsHub.Mobile.WebAPI\EventsHub.WebAPI.csproj", "{425449C3-05F2-4B4A-911A-90875460048E}"
EndProject
Project("{9A19103F-16F7-4668-BE54-9A1E7A4F7556}") = "EventsHub.Mobile", "src\mobile\EventsHub.Mobile\EventsHub.Mobile.csproj", "{D6B97069-6B51-4E40-9B14-5F32BF8C7B95}"
EndProject
Project("{2150E333-8FDC-42A3-9474-1A3956D46DE8}") = "mobile", "mobile", "{443DDB74-1232-4C81-83DE-0511757B75E8}"
EndProject
Project("{2150E333-8FDC-42A3-9474-1A3956D46DE8}") = "backend", "backend", "{CA8BDD80-BC6E-4857-98D6-58023DDF3C1F}"
EndProject
Project("{9A19103F-16F7-4668-BE54-9A1E7A4F7556}") = "EventsHub.DAL", "src\backend\EventsHub.DAL\EventsHub.DAL.csproj", "{83955669-1C81-4C9D-B393-96D541CC5EAA}"
EndProject
Project("{FAE04EC0-301F-11D3-BF4B-00C04F79EFBC}") = "EventsHub.BLL", "src\backend\EventsHub.BLL\EventsHub.BLL.csproj", "{30A21D53-6167-437E-B36F-34A5DEC50DCE}"
EndProject
Global
	GlobalSection(SolutionConfigurationPlatforms) = preSolution
		Debug|Any CPU = Debug|Any CPU
		Debug|ARM = Debug|ARM
		Debug|x64 = Debug|x64
		Debug|x86 = Debug|x86
		Release|Any CPU = Release|Any CPU
		Release|ARM = Release|ARM
		Release|x64 = Release|x64
		Release|x86 = Release|x86
	EndGlobalSection
	GlobalSection(ProjectConfigurationPlatforms) = postSolution
		{66B1B272-12F0-44EC-A2C2-93ED3985062D}.Debug|Any CPU.ActiveCfg = Debug|x86
		{66B1B272-12F0-44EC-A2C2-93ED3985062D}.Debug|Any CPU.Build.0 = Debug|x86
		{66B1B272-12F0-44EC-A2C2-93ED3985062D}.Debug|Any CPU.Deploy.0 = Debug|x86
		{66B1B272-12F0-44EC-A2C2-93ED3985062D}.Debug|ARM.ActiveCfg = Debug|ARM
		{66B1B272-12F0-44EC-A2C2-93ED3985062D}.Debug|ARM.Build.0 = Debug|ARM
		{66B1B272-12F0-44EC-A2C2-93ED3985062D}.Debug|ARM.Deploy.0 = Debug|ARM
		{66B1B272-12F0-44EC-A2C2-93ED3985062D}.Debug|x64.ActiveCfg = Debug|x64
		{66B1B272-12F0-44EC-A2C2-93ED3985062D}.Debug|x64.Build.0 = Debug|x64
		{66B1B272-12F0-44EC-A2C2-93ED3985062D}.Debug|x64.Deploy.0 = Debug|x64
		{66B1B272-12F0-44EC-A2C2-93ED3985062D}.Debug|x86.ActiveCfg = Debug|x86
		{66B1B272-12F0-44EC-A2C2-93ED3985062D}.Debug|x86.Build.0 = Debug|x86
		{66B1B272-12F0-44EC-A2C2-93ED3985062D}.Debug|x86.Deploy.0 = Debug|x86
		{66B1B272-12F0-44EC-A2C2-93ED3985062D}.Release|Any CPU.ActiveCfg = Release|x86
		{66B1B272-12F0-44EC-A2C2-93ED3985062D}.Release|Any CPU.Build.0 = Release|x86
		{66B1B272-12F0-44EC-A2C2-93ED3985062D}.Release|Any CPU.Deploy.0 = Release|x86
		{66B1B272-12F0-44EC-A2C2-93ED3985062D}.Release|ARM.ActiveCfg = Release|ARM
		{66B1B272-12F0-44EC-A2C2-93ED3985062D}.Release|ARM.Build.0 = Release|ARM
		{66B1B272-12F0-44EC-A2C2-93ED3985062D}.Release|ARM.Deploy.0 = Release|ARM
		{66B1B272-12F0-44EC-A2C2-93ED3985062D}.Release|x64.ActiveCfg = Release|x64
		{66B1B272-12F0-44EC-A2C2-93ED3985062D}.Release|x64.Build.0 = Release|x64
		{66B1B272-12F0-44EC-A2C2-93ED3985062D}.Release|x64.Deploy.0 = Release|x64
		{66B1B272-12F0-44EC-A2C2-93ED3985062D}.Release|x86.ActiveCfg = Release|x86
		{66B1B272-12F0-44EC-A2C2-93ED3985062D}.Release|x86.Build.0 = Release|x86
		{66B1B272-12F0-44EC-A2C2-93ED3985062D}.Release|x86.Deploy.0 = Release|x86
		{4A4B3E48-DBED-46A3-8AB9-34D5C1B75328}.Debug|Any CPU.ActiveCfg = Debug|Any CPU
		{4A4B3E48-DBED-46A3-8AB9-34D5C1B75328}.Debug|Any CPU.Build.0 = Debug|Any CPU
		{4A4B3E48-DBED-46A3-8AB9-34D5C1B75328}.Debug|Any CPU.Deploy.0 = Debug|Any CPU
		{4A4B3E48-DBED-46A3-8AB9-34D5C1B75328}.Debug|ARM.ActiveCfg = Debug|Any CPU
		{4A4B3E48-DBED-46A3-8AB9-34D5C1B75328}.Debug|ARM.Build.0 = Debug|Any CPU
		{4A4B3E48-DBED-46A3-8AB9-34D5C1B75328}.Debug|ARM.Deploy.0 = Debug|Any CPU
		{4A4B3E48-DBED-46A3-8AB9-34D5C1B75328}.Debug|x64.ActiveCfg = Debug|Any CPU
		{4A4B3E48-DBED-46A3-8AB9-34D5C1B75328}.Debug|x64.Build.0 = Debug|Any CPU
		{4A4B3E48-DBED-46A3-8AB9-34D5C1B75328}.Debug|x64.Deploy.0 = Debug|Any CPU
		{4A4B3E48-DBED-46A3-8AB9-34D5C1B75328}.Debug|x86.ActiveCfg = Debug|Any CPU
		{4A4B3E48-DBED-46A3-8AB9-34D5C1B75328}.Debug|x86.Build.0 = Debug|Any CPU
		{4A4B3E48-DBED-46A3-8AB9-34D5C1B75328}.Debug|x86.Deploy.0 = Debug|Any CPU
		{4A4B3E48-DBED-46A3-8AB9-34D5C1B75328}.Release|Any CPU.ActiveCfg = Release|Any CPU
		{4A4B3E48-DBED-46A3-8AB9-34D5C1B75328}.Release|Any CPU.Build.0 = Release|Any CPU
		{4A4B3E48-DBED-46A3-8AB9-34D5C1B75328}.Release|Any CPU.Deploy.0 = Release|Any CPU
		{4A4B3E48-DBED-46A3-8AB9-34D5C1B75328}.Release|ARM.ActiveCfg = Release|Any CPU
		{4A4B3E48-DBED-46A3-8AB9-34D5C1B75328}.Release|ARM.Build.0 = Release|Any CPU
		{4A4B3E48-DBED-46A3-8AB9-34D5C1B75328}.Release|ARM.Deploy.0 = Release|Any CPU
		{4A4B3E48-DBED-46A3-8AB9-34D5C1B75328}.Release|x64.ActiveCfg = Release|Any CPU
		{4A4B3E48-DBED-46A3-8AB9-34D5C1B75328}.Release|x64.Build.0 = Release|Any CPU
		{4A4B3E48-DBED-46A3-8AB9-34D5C1B75328}.Release|x64.Deploy.0 = Release|Any CPU
		{4A4B3E48-DBED-46A3-8AB9-34D5C1B75328}.Release|x86.ActiveCfg = Release|Any CPU
		{4A4B3E48-DBED-46A3-8AB9-34D5C1B75328}.Release|x86.Build.0 = Release|Any CPU
		{4A4B3E48-DBED-46A3-8AB9-34D5C1B75328}.Release|x86.Deploy.0 = Release|Any CPU
		{425449C3-05F2-4B4A-911A-90875460048E}.Debug|Any CPU.ActiveCfg = Debug|Any CPU
		{425449C3-05F2-4B4A-911A-90875460048E}.Debug|Any CPU.Build.0 = Debug|Any CPU
		{425449C3-05F2-4B4A-911A-90875460048E}.Debug|Any CPU.Deploy.0 = Debug|Any CPU
		{425449C3-05F2-4B4A-911A-90875460048E}.Debug|ARM.ActiveCfg = Debug|Any CPU
		{425449C3-05F2-4B4A-911A-90875460048E}.Debug|ARM.Build.0 = Debug|Any CPU
		{425449C3-05F2-4B4A-911A-90875460048E}.Debug|ARM.Deploy.0 = Debug|Any CPU
		{425449C3-05F2-4B4A-911A-90875460048E}.Debug|x64.ActiveCfg = Debug|Any CPU
		{425449C3-05F2-4B4A-911A-90875460048E}.Debug|x64.Build.0 = Debug|Any CPU
		{425449C3-05F2-4B4A-911A-90875460048E}.Debug|x64.Deploy.0 = Debug|Any CPU
		{425449C3-05F2-4B4A-911A-90875460048E}.Debug|x86.ActiveCfg = Debug|Any CPU
		{425449C3-05F2-4B4A-911A-90875460048E}.Debug|x86.Build.0 = Debug|Any CPU
		{425449C3-05F2-4B4A-911A-90875460048E}.Debug|x86.Deploy.0 = Debug|Any CPU
		{425449C3-05F2-4B4A-911A-90875460048E}.Release|Any CPU.ActiveCfg = Release|Any CPU
		{425449C3-05F2-4B4A-911A-90875460048E}.Release|Any CPU.Build.0 = Release|Any CPU
		{425449C3-05F2-4B4A-911A-90875460048E}.Release|Any CPU.Deploy.0 = Release|Any CPU
		{425449C3-05F2-4B4A-911A-90875460048E}.Release|ARM.ActiveCfg = Release|Any CPU
		{425449C3-05F2-4B4A-911A-90875460048E}.Release|ARM.Build.0 = Release|Any CPU
		{425449C3-05F2-4B4A-911A-90875460048E}.Release|ARM.Deploy.0 = Release|Any CPU
		{425449C3-05F2-4B4A-911A-90875460048E}.Release|x64.ActiveCfg = Release|Any CPU
		{425449C3-05F2-4B4A-911A-90875460048E}.Release|x64.Build.0 = Release|Any CPU
		{425449C3-05F2-4B4A-911A-90875460048E}.Release|x64.Deploy.0 = Release|Any CPU
		{425449C3-05F2-4B4A-911A-90875460048E}.Release|x86.ActiveCfg = Release|Any CPU
		{425449C3-05F2-4B4A-911A-90875460048E}.Release|x86.Build.0 = Release|Any CPU
		{425449C3-05F2-4B4A-911A-90875460048E}.Release|x86.Deploy.0 = Release|Any CPU
		{D6B97069-6B51-4E40-9B14-5F32BF8C7B95}.Debug|Any CPU.ActiveCfg = Debug|Any CPU
		{D6B97069-6B51-4E40-9B14-5F32BF8C7B95}.Debug|Any CPU.Build.0 = Debug|Any CPU
		{D6B97069-6B51-4E40-9B14-5F32BF8C7B95}.Debug|Any CPU.Deploy.0 = Debug|Any CPU
		{D6B97069-6B51-4E40-9B14-5F32BF8C7B95}.Debug|ARM.ActiveCfg = Debug|Any CPU
		{D6B97069-6B51-4E40-9B14-5F32BF8C7B95}.Debug|ARM.Build.0 = Debug|Any CPU
		{D6B97069-6B51-4E40-9B14-5F32BF8C7B95}.Debug|ARM.Deploy.0 = Debug|Any CPU
		{D6B97069-6B51-4E40-9B14-5F32BF8C7B95}.Debug|x64.ActiveCfg = Debug|Any CPU
		{D6B97069-6B51-4E40-9B14-5F32BF8C7B95}.Debug|x64.Build.0 = Debug|Any CPU
		{D6B97069-6B51-4E40-9B14-5F32BF8C7B95}.Debug|x64.Deploy.0 = Debug|Any CPU
		{D6B97069-6B51-4E40-9B14-5F32BF8C7B95}.Debug|x86.ActiveCfg = Debug|Any CPU
		{D6B97069-6B51-4E40-9B14-5F32BF8C7B95}.Debug|x86.Build.0 = Debug|Any CPU
		{D6B97069-6B51-4E40-9B14-5F32BF8C7B95}.Debug|x86.Deploy.0 = Debug|Any CPU
		{D6B97069-6B51-4E40-9B14-5F32BF8C7B95}.Release|Any CPU.ActiveCfg = Release|Any CPU
		{D6B97069-6B51-4E40-9B14-5F32BF8C7B95}.Release|Any CPU.Build.0 = Release|Any CPU
		{D6B97069-6B51-4E40-9B14-5F32BF8C7B95}.Release|Any CPU.Deploy.0 = Release|Any CPU
		{D6B97069-6B51-4E40-9B14-5F32BF8C7B95}.Release|ARM.ActiveCfg = Release|Any CPU
		{D6B97069-6B51-4E40-9B14-5F32BF8C7B95}.Release|ARM.Build.0 = Release|Any CPU
		{D6B97069-6B51-4E40-9B14-5F32BF8C7B95}.Release|ARM.Deploy.0 = Release|Any CPU
		{D6B97069-6B51-4E40-9B14-5F32BF8C7B95}.Release|x64.ActiveCfg = Release|Any CPU
		{D6B97069-6B51-4E40-9B14-5F32BF8C7B95}.Release|x64.Build.0 = Release|Any CPU
		{D6B97069-6B51-4E40-9B14-5F32BF8C7B95}.Release|x64.Deploy.0 = Release|Any CPU
		{D6B97069-6B51-4E40-9B14-5F32BF8C7B95}.Release|x86.ActiveCfg = Release|Any CPU
		{D6B97069-6B51-4E40-9B14-5F32BF8C7B95}.Release|x86.Build.0 = Release|Any CPU
		{D6B97069-6B51-4E40-9B14-5F32BF8C7B95}.Release|x86.Deploy.0 = Release|Any CPU
		{83955669-1C81-4C9D-B393-96D541CC5EAA}.Debug|Any CPU.ActiveCfg = Debug|Any CPU
		{83955669-1C81-4C9D-B393-96D541CC5EAA}.Debug|Any CPU.Build.0 = Debug|Any CPU
		{83955669-1C81-4C9D-B393-96D541CC5EAA}.Debug|ARM.ActiveCfg = Debug|Any CPU
		{83955669-1C81-4C9D-B393-96D541CC5EAA}.Debug|ARM.Build.0 = Debug|Any CPU
		{83955669-1C81-4C9D-B393-96D541CC5EAA}.Debug|x64.ActiveCfg = Debug|Any CPU
		{83955669-1C81-4C9D-B393-96D541CC5EAA}.Debug|x64.Build.0 = Debug|Any CPU
		{83955669-1C81-4C9D-B393-96D541CC5EAA}.Debug|x86.ActiveCfg = Debug|Any CPU
		{83955669-1C81-4C9D-B393-96D541CC5EAA}.Debug|x86.Build.0 = Debug|Any CPU
		{83955669-1C81-4C9D-B393-96D541CC5EAA}.Release|Any CPU.ActiveCfg = Release|Any CPU
		{83955669-1C81-4C9D-B393-96D541CC5EAA}.Release|Any CPU.Build.0 = Release|Any CPU
		{83955669-1C81-4C9D-B393-96D541CC5EAA}.Release|ARM.ActiveCfg = Release|Any CPU
		{83955669-1C81-4C9D-B393-96D541CC5EAA}.Release|ARM.Build.0 = Release|Any CPU
		{83955669-1C81-4C9D-B393-96D541CC5EAA}.Release|x64.ActiveCfg = Release|Any CPU
		{83955669-1C81-4C9D-B393-96D541CC5EAA}.Release|x64.Build.0 = Release|Any CPU
		{83955669-1C81-4C9D-B393-96D541CC5EAA}.Release|x86.ActiveCfg = Release|Any CPU
		{83955669-1C81-4C9D-B393-96D541CC5EAA}.Release|x86.Build.0 = Release|Any CPU
		{30A21D53-6167-437E-B36F-34A5DEC50DCE}.Debug|Any CPU.ActiveCfg = Debug|Any CPU
		{30A21D53-6167-437E-B36F-34A5DEC50DCE}.Debug|Any CPU.Build.0 = Debug|Any CPU
		{30A21D53-6167-437E-B36F-34A5DEC50DCE}.Debug|ARM.ActiveCfg = Debug|Any CPU
		{30A21D53-6167-437E-B36F-34A5DEC50DCE}.Debug|ARM.Build.0 = Debug|Any CPU
		{30A21D53-6167-437E-B36F-34A5DEC50DCE}.Debug|x64.ActiveCfg = Debug|Any CPU
		{30A21D53-6167-437E-B36F-34A5DEC50DCE}.Debug|x64.Build.0 = Debug|Any CPU
		{30A21D53-6167-437E-B36F-34A5DEC50DCE}.Debug|x86.ActiveCfg = Debug|Any CPU
		{30A21D53-6167-437E-B36F-34A5DEC50DCE}.Debug|x86.Build.0 = Debug|Any CPU
		{30A21D53-6167-437E-B36F-34A5DEC50DCE}.Release|Any CPU.ActiveCfg = Release|Any CPU
		{30A21D53-6167-437E-B36F-34A5DEC50DCE}.Release|Any CPU.Build.0 = Release|Any CPU
		{30A21D53-6167-437E-B36F-34A5DEC50DCE}.Release|ARM.ActiveCfg = Release|Any CPU
		{30A21D53-6167-437E-B36F-34A5DEC50DCE}.Release|ARM.Build.0 = Release|Any CPU
		{30A21D53-6167-437E-B36F-34A5DEC50DCE}.Release|x64.ActiveCfg = Release|Any CPU
		{30A21D53-6167-437E-B36F-34A5DEC50DCE}.Release|x64.Build.0 = Release|Any CPU
		{30A21D53-6167-437E-B36F-34A5DEC50DCE}.Release|x86.ActiveCfg = Release|Any CPU
		{30A21D53-6167-437E-B36F-34A5DEC50DCE}.Release|x86.Build.0 = Release|Any CPU
	EndGlobalSection
	GlobalSection(SolutionProperties) = preSolution
		HideSolutionNode = FALSE
	EndGlobalSection
	GlobalSection(NestedProjects) = preSolution
		{66B1B272-12F0-44EC-A2C2-93ED3985062D} = {443DDB74-1232-4C81-83DE-0511757B75E8}
		{4A4B3E48-DBED-46A3-8AB9-34D5C1B75328} = {443DDB74-1232-4C81-83DE-0511757B75E8}
		{425449C3-05F2-4B4A-911A-90875460048E} = {CA8BDD80-BC6E-4857-98D6-58023DDF3C1F}
		{D6B97069-6B51-4E40-9B14-5F32BF8C7B95} = {443DDB74-1232-4C81-83DE-0511757B75E8}
		{83955669-1C81-4C9D-B393-96D541CC5EAA} = {CA8BDD80-BC6E-4857-98D6-58023DDF3C1F}
		{30A21D53-6167-437E-B36F-34A5DEC50DCE} = {CA8BDD80-BC6E-4857-98D6-58023DDF3C1F}
	EndGlobalSection
	GlobalSection(ExtensibilityGlobals) = postSolution
		SolutionGuid = {DAB7C410-BFD7-453F-85BE-673BA5FB7C4E}
	EndGlobalSection
EndGlobal
